
Microsoft Visual Studio Solution File, Format Version 12.00
# Visual Studio Version 17
VisualStudioVersion = 17.5.002.0
MinimumVisualStudioVersion = 10.0.40219.1
Project("{9A19103F-16F7-4668-BE54-9A1E7A4F7556}") = "leditor", "leditor.csproj", "{DE3DC341-3A3E-457E-96DE-FCC633F85772}"
EndProject
Project("{FAE04EC0-301F-11D3-BF4B-00C04F79EFBC}") = "Leditor.Lingo", "Leditor.Lingo\Leditor.Lingo.csproj", "{0C4336EB-D409-48E0-BE48-144928BFD3F5}"
EndProject
Project("{FAE04EC0-301F-11D3-BF4B-00C04F79EFBC}") = "Testing", "Testing\Testing.csproj", "{28F42BEB-8DAA-4768-A55D-0F4197B339A8}"
EndProject
Project("{FAE04EC0-301F-11D3-BF4B-00C04F79EFBC}") = "Leditor.Common", "Leditor.Common\Leditor.Common.csproj", "{254397B6-0D5E-4F32-B510-D1F62EECCE27}"
EndProject
Global
	GlobalSection(SolutionConfigurationPlatforms) = preSolution
		Debug|Any CPU = Debug|Any CPU
		Release|Any CPU = Release|Any CPU
	EndGlobalSection
	GlobalSection(ProjectConfigurationPlatforms) = postSolution
		{DE3DC341-3A3E-457E-96DE-FCC633F85772}.Debug|Any CPU.ActiveCfg = Debug|Any CPU
		{DE3DC341-3A3E-457E-96DE-FCC633F85772}.Debug|Any CPU.Build.0 = Debug|Any CPU
		{DE3DC341-3A3E-457E-96DE-FCC633F85772}.Release|Any CPU.ActiveCfg = Release|Any CPU
		{DE3DC341-3A3E-457E-96DE-FCC633F85772}.Release|Any CPU.Build.0 = Release|Any CPU
		{0C4336EB-D409-48E0-BE48-144928BFD3F5}.Debug|Any CPU.ActiveCfg = Debug|Any CPU
		{0C4336EB-D409-48E0-BE48-144928BFD3F5}.Debug|Any CPU.Build.0 = Debug|Any CPU
		{0C4336EB-D409-48E0-BE48-144928BFD3F5}.Release|Any CPU.ActiveCfg = Release|Any CPU
		{0C4336EB-D409-48E0-BE48-144928BFD3F5}.Release|Any CPU.Build.0 = Release|Any CPU
		{28F42BEB-8DAA-4768-A55D-0F4197B339A8}.Debug|Any CPU.ActiveCfg = Debug|Any CPU
		{28F42BEB-8DAA-4768-A55D-0F4197B339A8}.Debug|Any CPU.Build.0 = Debug|Any CPU
		{28F42BEB-8DAA-4768-A55D-0F4197B339A8}.Release|Any CPU.ActiveCfg = Release|Any CPU
		{28F42BEB-8DAA-4768-A55D-0F4197B339A8}.Release|Any CPU.Build.0 = Release|Any CPU
		{254397B6-0D5E-4F32-B510-D1F62EECCE27}.Debug|Any CPU.ActiveCfg = Debug|Any CPU
		{254397B6-0D5E-4F32-B510-D1F62EECCE27}.Debug|Any CPU.Build.0 = Debug|Any CPU
		{254397B6-0D5E-4F32-B510-D1F62EECCE27}.Release|Any CPU.ActiveCfg = Release|Any CPU
		{254397B6-0D5E-4F32-B510-D1F62EECCE27}.Release|Any CPU.Build.0 = Release|Any CPU
	EndGlobalSection
	GlobalSection(SolutionProperties) = preSolution
		HideSolutionNode = FALSE
	EndGlobalSection
	GlobalSection(ExtensibilityGlobals) = postSolution
		SolutionGuid = {C521F09A-1EF8-44B9-8FE4-D637119D60C4}
	EndGlobalSection
EndGlobal
